// !$*UTF8*$!
{
	archiveVersion = 1;
	classes = {
	};
	objectVersion = 50;
	objects = {

/* Begin PBXBuildFile section */
		1A5E67E826989D8D0065A6BF /* AppDelegate.swift in Sources */ = {isa = PBXBuildFile; fileRef = 1A5E67E726989D8D0065A6BF /* AppDelegate.swift */; };
		1A5E67EA26989D8D0065A6BF /* SceneDelegate.swift in Sources */ = {isa = PBXBuildFile; fileRef = 1A5E67E926989D8D0065A6BF /* SceneDelegate.swift */; };
		1A5E67EF26989D8D0065A6BF /* Main.storyboard in Resources */ = {isa = PBXBuildFile; fileRef = 1A5E67ED26989D8D0065A6BF /* Main.storyboard */; };
		1A5E67F126989D900065A6BF /* Assets.xcassets in Resources */ = {isa = PBXBuildFile; fileRef = 1A5E67F026989D900065A6BF /* Assets.xcassets */; };
		1A5E67F426989D900065A6BF /* LaunchScreen.storyboard in Resources */ = {isa = PBXBuildFile; fileRef = 1A5E67F226989D900065A6BF /* LaunchScreen.storyboard */; };
		1A5E680B2698A31B0065A6BF /* StartUpViewController.swift in Sources */ = {isa = PBXBuildFile; fileRef = 1A5E680A2698A31B0065A6BF /* StartUpViewController.swift */; };
		1A5E680D2698C4DC0065A6BF /* Constants.swift in Sources */ = {isa = PBXBuildFile; fileRef = 1A5E680C2698C4DC0065A6BF /* Constants.swift */; };
		1A5E680F2698C5950065A6BF /* StateSwitch.swift in Sources */ = {isa = PBXBuildFile; fileRef = 1A5E680E2698C5950065A6BF /* StateSwitch.swift */; };
		1A5E68112698C8D20065A6BF /* StateContainerViewController.swift in Sources */ = {isa = PBXBuildFile; fileRef = 1A5E68102698C8D20065A6BF /* StateContainerViewController.swift */; };
		1A5E68132698ED840065A6BF /* StateProvider.swift in Sources */ = {isa = PBXBuildFile; fileRef = 1A5E68122698ED840065A6BF /* StateProvider.swift */; };
		1AF291E626998C1A009C3A49 /* UIVIewController+Extensions.swift in Sources */ = {isa = PBXBuildFile; fileRef = 1AF291E526998C1A009C3A49 /* UIVIewController+Extensions.swift */; };
		1AF291E8269990F6009C3A49 /* BeerListStateProvider.swift in Sources */ = {isa = PBXBuildFile; fileRef = 1AF291E7269990F6009C3A49 /* BeerListStateProvider.swift */; };
		1AF291F0269993C4009C3A49 /* BeerListViewController.swift in Sources */ = {isa = PBXBuildFile; fileRef = 1AF291EF269993C4009C3A49 /* BeerListViewController.swift */; };
		1AF291F4269998E7009C3A49 /* BeerListCollectionViewCell.swift in Sources */ = {isa = PBXBuildFile; fileRef = 1AF291F3269998E7009C3A49 /* BeerListCollectionViewCell.swift */; };
		1AF291F626999B05009C3A49 /* BeerService.swift in Sources */ = {isa = PBXBuildFile; fileRef = 1AF291F526999B05009C3A49 /* BeerService.swift */; };
		1AF291F826999BC5009C3A49 /* ErrorViewController.swift in Sources */ = {isa = PBXBuildFile; fileRef = 1AF291F726999BC5009C3A49 /* ErrorViewController.swift */; };
		1AF291FA26999CB4009C3A49 /* EmptyViewController.swift in Sources */ = {isa = PBXBuildFile; fileRef = 1AF291F926999CB4009C3A49 /* EmptyViewController.swift */; };
		1AF291FC26999DDE009C3A49 /* UIStoryboard+Extension.swift in Sources */ = {isa = PBXBuildFile; fileRef = 1AF291FB26999DDE009C3A49 /* UIStoryboard+Extension.swift */; };
		1AF291FF2699A178009C3A49 /* StateSettings.swift in Sources */ = {isa = PBXBuildFile; fileRef = 1AF291FE2699A178009C3A49 /* StateSettings.swift */; };
		1AF292012699B6E4009C3A49 /* DetailBeerSwiftUIView.swift in Sources */ = {isa = PBXBuildFile; fileRef = 1AF292002699B6E4009C3A49 /* DetailBeerSwiftUIView.swift */; };
/* End PBXBuildFile section */

/* Begin PBXFileReference section */
		1A5E67E426989D8D0065A6BF /* TheLeftBeer.app */ = {isa = PBXFileReference; explicitFileType = wrapper.application; includeInIndex = 0; path = TheLeftBeer.app; sourceTree = BUILT_PRODUCTS_DIR; };
		1A5E67E726989D8D0065A6BF /* AppDelegate.swift */ = {isa = PBXFileReference; lastKnownFileType = sourcecode.swift; path = AppDelegate.swift; sourceTree = "<group>"; };
		1A5E67E926989D8D0065A6BF /* SceneDelegate.swift */ = {isa = PBXFileReference; lastKnownFileType = sourcecode.swift; path = SceneDelegate.swift; sourceTree = "<group>"; };
		1A5E67EE26989D8D0065A6BF /* Base */ = {isa = PBXFileReference; lastKnownFileType = file.storyboard; name = Base; path = Base.lproj/Main.storyboard; sourceTree = "<group>"; };
		1A5E67F026989D900065A6BF /* Assets.xcassets */ = {isa = PBXFileReference; lastKnownFileType = folder.assetcatalog; path = Assets.xcassets; sourceTree = "<group>"; };
		1A5E67F326989D900065A6BF /* Base */ = {isa = PBXFileReference; lastKnownFileType = file.storyboard; name = Base; path = Base.lproj/LaunchScreen.storyboard; sourceTree = "<group>"; };
		1A5E67F526989D900065A6BF /* Info.plist */ = {isa = PBXFileReference; lastKnownFileType = text.plist.xml; path = Info.plist; sourceTree = "<group>"; };
		1A5E680A2698A31B0065A6BF /* StartUpViewController.swift */ = {isa = PBXFileReference; lastKnownFileType = sourcecode.swift; path = StartUpViewController.swift; sourceTree = "<group>"; };
		1A5E680C2698C4DC0065A6BF /* Constants.swift */ = {isa = PBXFileReference; lastKnownFileType = sourcecode.swift; path = Constants.swift; sourceTree = "<group>"; };
		1A5E680E2698C5950065A6BF /* StateSwitch.swift */ = {isa = PBXFileReference; lastKnownFileType = sourcecode.swift; path = StateSwitch.swift; sourceTree = "<group>"; };
		1A5E68102698C8D20065A6BF /* StateContainerViewController.swift */ = {isa = PBXFileReference; lastKnownFileType = sourcecode.swift; path = StateContainerViewController.swift; sourceTree = "<group>"; };
		1A5E68122698ED840065A6BF /* StateProvider.swift */ = {isa = PBXFileReference; lastKnownFileType = sourcecode.swift; path = StateProvider.swift; sourceTree = "<group>"; };
		1AF291E526998C1A009C3A49 /* UIVIewController+Extensions.swift */ = {isa = PBXFileReference; lastKnownFileType = sourcecode.swift; path = "UIVIewController+Extensions.swift"; sourceTree = "<group>"; };
		1AF291E7269990F6009C3A49 /* BeerListStateProvider.swift */ = {isa = PBXFileReference; lastKnownFileType = sourcecode.swift; path = BeerListStateProvider.swift; sourceTree = "<group>"; };
		1AF291EF269993C4009C3A49 /* BeerListViewController.swift */ = {isa = PBXFileReference; lastKnownFileType = sourcecode.swift; path = BeerListViewController.swift; sourceTree = "<group>"; };
		1AF291F3269998E7009C3A49 /* BeerListCollectionViewCell.swift */ = {isa = PBXFileReference; lastKnownFileType = sourcecode.swift; path = BeerListCollectionViewCell.swift; sourceTree = "<group>"; };
		1AF291F526999B05009C3A49 /* BeerService.swift */ = {isa = PBXFileReference; lastKnownFileType = sourcecode.swift; path = BeerService.swift; sourceTree = "<group>"; };
		1AF291F726999BC5009C3A49 /* ErrorViewController.swift */ = {isa = PBXFileReference; lastKnownFileType = sourcecode.swift; path = ErrorViewController.swift; sourceTree = "<group>"; };
		1AF291F926999CB4009C3A49 /* EmptyViewController.swift */ = {isa = PBXFileReference; lastKnownFileType = sourcecode.swift; path = EmptyViewController.swift; sourceTree = "<group>"; };
		1AF291FB26999DDE009C3A49 /* UIStoryboard+Extension.swift */ = {isa = PBXFileReference; lastKnownFileType = sourcecode.swift; path = "UIStoryboard+Extension.swift"; sourceTree = "<group>"; };
		1AF291FE2699A178009C3A49 /* StateSettings.swift */ = {isa = PBXFileReference; lastKnownFileType = sourcecode.swift; path = StateSettings.swift; sourceTree = "<group>"; };
		1AF292002699B6E4009C3A49 /* DetailBeerSwiftUIView.swift */ = {isa = PBXFileReference; lastKnownFileType = sourcecode.swift; path = DetailBeerSwiftUIView.swift; sourceTree = "<group>"; };
/* End PBXFileReference section */

/* Begin PBXFrameworksBuildPhase section */
		1A5E67E126989D8D0065A6BF /* Frameworks */ = {
			isa = PBXFrameworksBuildPhase;
			buildActionMask = 2147483647;
			files = (
			);
			runOnlyForDeploymentPostprocessing = 0;
		};
/* End PBXFrameworksBuildPhase section */

/* Begin PBXGroup section */
		1A5E67DB26989D8D0065A6BF = {
			isa = PBXGroup;
			children = (
				1A5E67E626989D8D0065A6BF /* TheLeftBeer */,
				1A5E67E526989D8D0065A6BF /* Products */,
			);
			sourceTree = "<group>";
		};
		1A5E67E526989D8D0065A6BF /* Products */ = {
			isa = PBXGroup;
			children = (
				1A5E67E426989D8D0065A6BF /* TheLeftBeer.app */,
			);
			name = Products;
			sourceTree = "<group>";
		};
		1A5E67E626989D8D0065A6BF /* TheLeftBeer */ = {
			isa = PBXGroup;
			children = (
				1A5E680926989FEE0065A6BF /* Models */,
				1A5E680826989FE60065A6BF /* Extensions */,
				1A5E680726989FD80065A6BF /* Services */,
				1AF291ED2699937C009C3A49 /* Views */,
				1A5E680326989FBA0065A6BF /* Controllers */,
				1A5E680226989F970065A6BF /* Storyboards */,
				1A5E67FE26989F6A0065A6BF /* Settings */,
				1A5E67FC26989F3F0065A6BF /* States */,
				1A5E67FB26989F220065A6BF /* Supporting */,
				1A5E67F026989D900065A6BF /* Assets.xcassets */,
			);
			path = TheLeftBeer;
			sourceTree = "<group>";
		};
		1A5E67FB26989F220065A6BF /* Supporting */ = {
			isa = PBXGroup;
			children = (
				1A5E680C2698C4DC0065A6BF /* Constants.swift */,
			);
			path = Supporting;
			sourceTree = "<group>";
		};
		1A5E67FC26989F3F0065A6BF /* States */ = {
			isa = PBXGroup;
			children = (
				1AF291FD2699A106009C3A49 /* StatesProviders */,
				1A5E680E2698C5950065A6BF /* StateSwitch.swift */,
				1A5E68102698C8D20065A6BF /* StateContainerViewController.swift */,
				1A5E68122698ED840065A6BF /* StateProvider.swift */,
			);
			path = States;
			sourceTree = "<group>";
		};
		1A5E67FE26989F6A0065A6BF /* Settings */ = {
			isa = PBXGroup;
			children = (
				1A5E680126989F8B0065A6BF /* App */,
				1A5E680026989F840065A6BF /* State */,
				1A5E67FF26989F7D0065A6BF /* URLSession */,
			);
			path = Settings;
			sourceTree = "<group>";
		};
		1A5E67FF26989F7D0065A6BF /* URLSession */ = {
			isa = PBXGroup;
			children = (
			);
			path = URLSession;
			sourceTree = "<group>";
		};
		1A5E680026989F840065A6BF /* State */ = {
			isa = PBXGroup;
			children = (
				1AF291FE2699A178009C3A49 /* StateSettings.swift */,
			);
			path = State;
			sourceTree = "<group>";
		};
		1A5E680126989F8B0065A6BF /* App */ = {
			isa = PBXGroup;
			children = (
				1A5E67E726989D8D0065A6BF /* AppDelegate.swift */,
				1A5E67E926989D8D0065A6BF /* SceneDelegate.swift */,
				1A5E67F526989D900065A6BF /* Info.plist */,
			);
			path = App;
			sourceTree = "<group>";
		};
		1A5E680226989F970065A6BF /* Storyboards */ = {
			isa = PBXGroup;
			children = (
				1A5E67ED26989D8D0065A6BF /* Main.storyboard */,
				1A5E67F226989D900065A6BF /* LaunchScreen.storyboard */,
			);
			path = Storyboards;
			sourceTree = "<group>";
		};
		1A5E680326989FBA0065A6BF /* Controllers */ = {
			isa = PBXGroup;
			children = (
				1A5E680A2698A31B0065A6BF /* StartUpViewController.swift */,
				1AF291EF269993C4009C3A49 /* BeerListViewController.swift */,
				1AF291F726999BC5009C3A49 /* ErrorViewController.swift */,
				1AF291F926999CB4009C3A49 /* EmptyViewController.swift */,
				1AF292002699B6E4009C3A49 /* DetailBeerSwiftUIView.swift */,
			);
			path = Controllers;
			sourceTree = "<group>";
		};
		1A5E680726989FD80065A6BF /* Services */ = {
			isa = PBXGroup;
			children = (
				1AF291F526999B05009C3A49 /* BeerService.swift */,
			);
			path = Services;
			sourceTree = "<group>";
		};
		1A5E680826989FE60065A6BF /* Extensions */ = {
			isa = PBXGroup;
			children = (
				1AF291E526998C1A009C3A49 /* UIVIewController+Extensions.swift */,
				1AF291FB26999DDE009C3A49 /* UIStoryboard+Extension.swift */,
			);
			path = Extensions;
			sourceTree = "<group>";
		};
		1A5E680926989FEE0065A6BF /* Models */ = {
			isa = PBXGroup;
			children = (
			);
			path = Models;
			sourceTree = "<group>";
		};
		1AF291ED2699937C009C3A49 /* Views */ = {
			isa = PBXGroup;
			children = (
				1AF291EE2699938A009C3A49 /* BeerList */,
			);
			path = Views;
			sourceTree = "<group>";
		};
		1AF291EE2699938A009C3A49 /* BeerList */ = {
			isa = PBXGroup;
			children = (
				1AF291F3269998E7009C3A49 /* BeerListCollectionViewCell.swift */,
			);
			path = BeerList;
			sourceTree = "<group>";
		};
		1AF291FD2699A106009C3A49 /* StatesProviders */ = {
			isa = PBXGroup;
			children = (
				1AF291E7269990F6009C3A49 /* BeerListStateProvider.swift */,
			);
			path = StatesProviders;
			sourceTree = "<group>";
		};
/* End PBXGroup section */

/* Begin PBXNativeTarget section */
		1A5E67E326989D8D0065A6BF /* TheLeftBeer */ = {
			isa = PBXNativeTarget;
			buildConfigurationList = 1A5E67F826989D900065A6BF /* Build configuration list for PBXNativeTarget "TheLeftBeer" */;
			buildPhases = (
				1A5E67E026989D8D0065A6BF /* Sources */,
				1A5E67E126989D8D0065A6BF /* Frameworks */,
				1A5E67E226989D8D0065A6BF /* Resources */,
			);
			buildRules = (
			);
			dependencies = (
			);
			name = TheLeftBeer;
			productName = TheLeftBeer;
			productReference = 1A5E67E426989D8D0065A6BF /* TheLeftBeer.app */;
			productType = "com.apple.product-type.application";
		};
/* End PBXNativeTarget section */

/* Begin PBXProject section */
		1A5E67DC26989D8D0065A6BF /* Project object */ = {
			isa = PBXProject;
			attributes = {
				LastSwiftUpdateCheck = 1250;
				LastUpgradeCheck = 1250;
				TargetAttributes = {
					1A5E67E326989D8D0065A6BF = {
						CreatedOnToolsVersion = 12.5.1;
					};
				};
			};
			buildConfigurationList = 1A5E67DF26989D8D0065A6BF /* Build configuration list for PBXProject "TheLeftBeer" */;
			compatibilityVersion = "Xcode 9.3";
			developmentRegion = en;
			hasScannedForEncodings = 0;
			knownRegions = (
				en,
				Base,
			);
			mainGroup = 1A5E67DB26989D8D0065A6BF;
			productRefGroup = 1A5E67E526989D8D0065A6BF /* Products */;
			projectDirPath = "";
			projectRoot = "";
			targets = (
				1A5E67E326989D8D0065A6BF /* TheLeftBeer */,
			);
		};
/* End PBXProject section */

/* Begin PBXResourcesBuildPhase section */
		1A5E67E226989D8D0065A6BF /* Resources */ = {
			isa = PBXResourcesBuildPhase;
			buildActionMask = 2147483647;
			files = (
				1A5E67F426989D900065A6BF /* LaunchScreen.storyboard in Resources */,
				1A5E67F126989D900065A6BF /* Assets.xcassets in Resources */,
				1A5E67EF26989D8D0065A6BF /* Main.storyboard in Resources */,
			);
			runOnlyForDeploymentPostprocessing = 0;
		};
/* End PBXResourcesBuildPhase section */

/* Begin PBXSourcesBuildPhase section */
		1A5E67E026989D8D0065A6BF /* Sources */ = {
			isa = PBXSourcesBuildPhase;
			buildActionMask = 2147483647;
			files = (
				1AF291FF2699A178009C3A49 /* StateSettings.swift in Sources */,
				1A5E68112698C8D20065A6BF /* StateContainerViewController.swift in Sources */,
				1A5E680F2698C5950065A6BF /* StateSwitch.swift in Sources */,
				1AF292012699B6E4009C3A49 /* DetailBeerSwiftUIView.swift in Sources */,
				1AF291F0269993C4009C3A49 /* BeerListViewController.swift in Sources */,
				1A5E67E826989D8D0065A6BF /* AppDelegate.swift in Sources */,
				1AF291F626999B05009C3A49 /* BeerService.swift in Sources */,
				1AF291E8269990F6009C3A49 /* BeerListStateProvider.swift in Sources */,
				1AF291F826999BC5009C3A49 /* ErrorViewController.swift in Sources */,
				1A5E680B2698A31B0065A6BF /* StartUpViewController.swift in Sources */,
				1AF291E626998C1A009C3A49 /* UIVIewController+Extensions.swift in Sources */,
				1AF291F4269998E7009C3A49 /* BeerListCollectionViewCell.swift in Sources */,
				1A5E68132698ED840065A6BF /* StateProvider.swift in Sources */,
				1AF291FA26999CB4009C3A49 /* EmptyViewController.swift in Sources */,
				1A5E67EA26989D8D0065A6BF /* SceneDelegate.swift in Sources */,
				1A5E680D2698C4DC0065A6BF /* Constants.swift in Sources */,
				1AF291FC26999DDE009C3A49 /* UIStoryboard+Extension.swift in Sources */,
			);
			runOnlyForDeploymentPostprocessing = 0;
		};
/* End PBXSourcesBuildPhase section */

/* Begin PBXVariantGroup section */
		1A5E67ED26989D8D0065A6BF /* Main.storyboard */ = {
			isa = PBXVariantGroup;
			children = (
				1A5E67EE26989D8D0065A6BF /* Base */,
			);
			name = Main.storyboard;
			sourceTree = "<group>";
		};
		1A5E67F226989D900065A6BF /* LaunchScreen.storyboard */ = {
			isa = PBXVariantGroup;
			children = (
				1A5E67F326989D900065A6BF /* Base */,
			);
			name = LaunchScreen.storyboard;
			sourceTree = "<group>";
		};
/* End PBXVariantGroup section */

/* Begin XCBuildConfiguration section */
		1A5E67F626989D900065A6BF /* Debug */ = {
			isa = XCBuildConfiguration;
			buildSettings = {
				ALWAYS_SEARCH_USER_PATHS = NO;
				CLANG_ANALYZER_NONNULL = YES;
				CLANG_ANALYZER_NUMBER_OBJECT_CONVERSION = YES_AGGRESSIVE;
				CLANG_CXX_LANGUAGE_STANDARD = "gnu++14";
				CLANG_CXX_LIBRARY = "libc++";
				CLANG_ENABLE_MODULES = YES;
				CLANG_ENABLE_OBJC_ARC = YES;
				CLANG_ENABLE_OBJC_WEAK = YES;
				CLANG_WARN_BLOCK_CAPTURE_AUTORELEASING = YES;
				CLANG_WARN_BOOL_CONVERSION = YES;
				CLANG_WARN_COMMA = YES;
				CLANG_WARN_CONSTANT_CONVERSION = YES;
				CLANG_WARN_DEPRECATED_OBJC_IMPLEMENTATIONS = YES;
				CLANG_WARN_DIRECT_OBJC_ISA_USAGE = YES_ERROR;
				CLANG_WARN_DOCUMENTATION_COMMENTS = YES;
				CLANG_WARN_EMPTY_BODY = YES;
				CLANG_WARN_ENUM_CONVERSION = YES;
				CLANG_WARN_INFINITE_RECURSION = YES;
				CLANG_WARN_INT_CONVERSION = YES;
				CLANG_WARN_NON_LITERAL_NULL_CONVERSION = YES;
				CLANG_WARN_OBJC_IMPLICIT_RETAIN_SELF = YES;
				CLANG_WARN_OBJC_LITERAL_CONVERSION = YES;
				CLANG_WARN_OBJC_ROOT_CLASS = YES_ERROR;
				CLANG_WARN_QUOTED_INCLUDE_IN_FRAMEWORK_HEADER = YES;
				CLANG_WARN_RANGE_LOOP_ANALYSIS = YES;
				CLANG_WARN_STRICT_PROTOTYPES = YES;
				CLANG_WARN_SUSPICIOUS_MOVE = YES;
				CLANG_WARN_UNGUARDED_AVAILABILITY = YES_AGGRESSIVE;
				CLANG_WARN_UNREACHABLE_CODE = YES;
				CLANG_WARN__DUPLICATE_METHOD_MATCH = YES;
				COPY_PHASE_STRIP = NO;
				DEBUG_INFORMATION_FORMAT = dwarf;
				ENABLE_STRICT_OBJC_MSGSEND = YES;
				ENABLE_TESTABILITY = YES;
				GCC_C_LANGUAGE_STANDARD = gnu11;
				GCC_DYNAMIC_NO_PIC = NO;
				GCC_NO_COMMON_BLOCKS = YES;
				GCC_OPTIMIZATION_LEVEL = 0;
				GCC_PREPROCESSOR_DEFINITIONS = (
					"DEBUG=1",
					"$(inherited)",
				);
				GCC_WARN_64_TO_32_BIT_CONVERSION = YES;
				GCC_WARN_ABOUT_RETURN_TYPE = YES_ERROR;
				GCC_WARN_UNDECLARED_SELECTOR = YES;
				GCC_WARN_UNINITIALIZED_AUTOS = YES_AGGRESSIVE;
				GCC_WARN_UNUSED_FUNCTION = YES;
				GCC_WARN_UNUSED_VARIABLE = YES;
				IPHONEOS_DEPLOYMENT_TARGET = 14.5;
				MTL_ENABLE_DEBUG_INFO = INCLUDE_SOURCE;
				MTL_FAST_MATH = YES;
				ONLY_ACTIVE_ARCH = YES;
				SDKROOT = iphoneos;
				SWIFT_ACTIVE_COMPILATION_CONDITIONS = DEBUG;
				SWIFT_OPTIMIZATION_LEVEL = "-Onone";
			};
			name = Debug;
		};
		1A5E67F726989D900065A6BF /* Release */ = {
			isa = XCBuildConfiguration;
			buildSettings = {
				ALWAYS_SEARCH_USER_PATHS = NO;
				CLANG_ANALYZER_NONNULL = YES;
				CLANG_ANALYZER_NUMBER_OBJECT_CONVERSION = YES_AGGRESSIVE;
				CLANG_CXX_LANGUAGE_STANDARD = "gnu++14";
				CLANG_CXX_LIBRARY = "libc++";
				CLANG_ENABLE_MODULES = YES;
				CLANG_ENABLE_OBJC_ARC = YES;
				CLANG_ENABLE_OBJC_WEAK = YES;
				CLANG_WARN_BLOCK_CAPTURE_AUTORELEASING = YES;
				CLANG_WARN_BOOL_CONVERSION = YES;
				CLANG_WARN_COMMA = YES;
				CLANG_WARN_CONSTANT_CONVERSION = YES;
				CLANG_WARN_DEPRECATED_OBJC_IMPLEMENTATIONS = YES;
				CLANG_WARN_DIRECT_OBJC_ISA_USAGE = YES_ERROR;
				CLANG_WARN_DOCUMENTATION_COMMENTS = YES;
				CLANG_WARN_EMPTY_BODY = YES;
				CLANG_WARN_ENUM_CONVERSION = YES;
				CLANG_WARN_INFINITE_RECURSION = YES;
				CLANG_WARN_INT_CONVERSION = YES;
				CLANG_WARN_NON_LITERAL_NULL_CONVERSION = YES;
				CLANG_WARN_OBJC_IMPLICIT_RETAIN_SELF = YES;
				CLANG_WARN_OBJC_LITERAL_CONVERSION = YES;
				CLANG_WARN_OBJC_ROOT_CLASS = YES_ERROR;
				CLANG_WARN_QUOTED_INCLUDE_IN_FRAMEWORK_HEADER = YES;
				CLANG_WARN_RANGE_LOOP_ANALYSIS = YES;
				CLANG_WARN_STRICT_PROTOTYPES = YES;
				CLANG_WARN_SUSPICIOUS_MOVE = YES;
				CLANG_WARN_UNGUARDED_AVAILABILITY = YES_AGGRESSIVE;
				CLANG_WARN_UNREACHABLE_CODE = YES;
				CLANG_WARN__DUPLICATE_METHOD_MATCH = YES;
				COPY_PHASE_STRIP = NO;
				DEBUG_INFORMATION_FORMAT = "dwarf-with-dsym";
				ENABLE_NS_ASSERTIONS = NO;
				ENABLE_STRICT_OBJC_MSGSEND = YES;
				GCC_C_LANGUAGE_STANDARD = gnu11;
				GCC_NO_COMMON_BLOCKS = YES;
				GCC_WARN_64_TO_32_BIT_CONVERSION = YES;
				GCC_WARN_ABOUT_RETURN_TYPE = YES_ERROR;
				GCC_WARN_UNDECLARED_SELECTOR = YES;
				GCC_WARN_UNINITIALIZED_AUTOS = YES_AGGRESSIVE;
				GCC_WARN_UNUSED_FUNCTION = YES;
				GCC_WARN_UNUSED_VARIABLE = YES;
				IPHONEOS_DEPLOYMENT_TARGET = 14.5;
				MTL_ENABLE_DEBUG_INFO = NO;
				MTL_FAST_MATH = YES;
				SDKROOT = iphoneos;
				SWIFT_COMPILATION_MODE = wholemodule;
				SWIFT_OPTIMIZATION_LEVEL = "-O";
				VALIDATE_PRODUCT = YES;
			};
			name = Release;
		};
		1A5E67F926989D900065A6BF /* Debug */ = {
			isa = XCBuildConfiguration;
			buildSettings = {
				ASSETCATALOG_COMPILER_APPICON_NAME = AppIcon;
				ASSETCATALOG_COMPILER_GLOBAL_ACCENT_COLOR_NAME = AccentColor;
				CODE_SIGN_STYLE = Automatic;
				DEVELOPMENT_TEAM = Y98RBRXD5B;
				INFOPLIST_FILE = TheLeftBeer/Settings/App/Info.plist;
				LD_RUNPATH_SEARCH_PATHS = (
					"$(inherited)",
					"@executable_path/Frameworks",
				);
				PRODUCT_BUNDLE_IDENTIFIER = MH.TheLeftBeer;
				PRODUCT_NAME = "$(TARGET_NAME)";
				SWIFT_VERSION = 5.0;
				TARGETED_DEVICE_FAMILY = "1,2";
			};
			name = Debug;
		};
		1A5E67FA26989D900065A6BF /* Release */ = {
			isa = XCBuildConfiguration;
			buildSettings = {
				ASSETCATALOG_COMPILER_APPICON_NAME = AppIcon;
				ASSETCATALOG_COMPILER_GLOBAL_ACCENT_COLOR_NAME = AccentColor;
				CODE_SIGN_STYLE = Automatic;
				DEVELOPMENT_TEAM = Y98RBRXD5B;
				INFOPLIST_FILE = TheLeftBeer/Settings/App/Info.plist;
				LD_RUNPATH_SEARCH_PATHS = (
					"$(inherited)",
					"@executable_path/Frameworks",
				);
				PRODUCT_BUNDLE_IDENTIFIER = MH.TheLeftBeer;
				PRODUCT_NAME = "$(TARGET_NAME)";
				SWIFT_VERSION = 5.0;
				TARGETED_DEVICE_FAMILY = "1,2";
			};
			name = Release;
		};
/* End XCBuildConfiguration section */

/* Begin XCConfigurationList section */
		1A5E67DF26989D8D0065A6BF /* Build configuration list for PBXProject "TheLeftBeer" */ = {
			isa = XCConfigurationList;
			buildConfigurations = (
				1A5E67F626989D900065A6BF /* Debug */,
				1A5E67F726989D900065A6BF /* Release */,
			);
			defaultConfigurationIsVisible = 0;
			defaultConfigurationName = Release;
		};
		1A5E67F826989D900065A6BF /* Build configuration list for PBXNativeTarget "TheLeftBeer" */ = {
			isa = XCConfigurationList;
			buildConfigurations = (
				1A5E67F926989D900065A6BF /* Debug */,
				1A5E67FA26989D900065A6BF /* Release */,
			);
			defaultConfigurationIsVisible = 0;
			defaultConfigurationName = Release;
		};
/* End XCConfigurationList section */
	};
	rootObject = 1A5E67DC26989D8D0065A6BF /* Project object */;
}
